
Microsoft Visual Studio Solution File, Format Version 12.00
# Visual Studio Version 17
VisualStudioVersion = 17.2.32630.192
MinimumVisualStudioVersion = 10.0.40219.1
Project("{8BC9CEB8-8B4A-11D0-8D11-00A0C91BC942}") = "RPG", "RPG.vcxproj", "{DE7FD4CD-8FBA-4803-AECA-693C14ECADBB}"
EndProject
Global
	GlobalSection(SolutionConfigurationPlatforms) = preSolution
		Debug|x64 = Debug|x64
		Debug|x86 = Debug|x86
		Release|x64 = Release|x64
		Release|x86 = Release|x86
	EndGlobalSection
	GlobalSection(ProjectConfigurationPlatforms) = postSolution
		{DE7FD4CD-8FBA-4803-AECA-693C14ECADBB}.Debug|x64.ActiveCfg = Debug|x64
		{DE7FD4CD-8FBA-4803-AECA-693C14ECADBB}.Debug|x64.Build.0 = Debug|x64
		{DE7FD4CD-8FBA-4803-AECA-693C14ECADBB}.Debug|x86.ActiveCfg = Debug|Win32
		{DE7FD4CD-8FBA-4803-AECA-693C14ECADBB}.Debug|x86.Build.0 = Debug|Win32
		{DE7FD4CD-8FBA-4803-AECA-693C14ECADBB}.Release|x64.ActiveCfg = Release|x64
		{DE7FD4CD-8FBA-4803-AECA-693C14ECADBB}.Release|x64.Build.0 = Release|x64
		{DE7FD4CD-8FBA-4803-AECA-693C14ECADBB}.Release|x86.ActiveCfg = Release|Win32
		{DE7FD4CD-8FBA-4803-AECA-693C14ECADBB}.Release|x86.Build.0 = Release|Win32
	EndGlobalSection
	GlobalSection(SolutionProperties) = preSolution
		HideSolutionNode = FALSE
	EndGlobalSection
	GlobalSection(ExtensibilityGlobals) = postSolution
		SolutionGuid = {3B685267-E64F-4C86-9AF4-B0BD5D27E84D}
	EndGlobalSection
EndGlobal
